
Microsoft Visual Studio Solution File, Format Version 12.00
# Visual Studio Version 17
VisualStudioVersion = 17.13.35931.197 d17.13
MinimumVisualStudioVersion = 10.0.40219.1
Project("{FAE04EC0-301F-11D3-BF4B-00C04F79EFBC}") = "Desk booking", "Desk booking.csproj", "{91618CBB-502D-4E79-BA87-0AAF4270A9FF}"
EndProject
Global
	GlobalSection(SolutionConfigurationPlatforms) = preSolution
		Debug|Any CPU = Debug|Any CPU
		Release|Any CPU = Release|Any CPU
	EndGlobalSection
	GlobalSection(ProjectConfigurationPlatforms) = postSolution
		{91618CBB-502D-4E79-BA87-0AAF4270A9FF}.Debug|Any CPU.ActiveCfg = Debug|Any CPU
		{91618CBB-502D-4E79-BA87-0AAF4270A9FF}.Debug|Any CPU.Build.0 = Debug|Any CPU
		{91618CBB-502D-4E79-BA87-0AAF4270A9FF}.Release|Any CPU.ActiveCfg = Release|Any CPU
		{91618CBB-502D-4E79-BA87-0AAF4270A9FF}.Release|Any CPU.Build.0 = Release|Any CPU
	EndGlobalSection
	GlobalSection(SolutionProperties) = preSolution
		HideSolutionNode = FALSE
	EndGlobalSection
	GlobalSection(ExtensibilityGlobals) = postSolution
		SolutionGuid = {218AC80D-1158-4610-AA85-1A662C14923D}
	EndGlobalSection
EndGlobal
